
Microsoft Visual Studio Solution File, Format Version 12.00
Project("{FAE04EC0-301F-11D3-BF4B-00C04F79EFBC}") = "Digillect.Sunstone.Abstractions", "src\Digillect.Sunstone.Abstractions\Digillect.Sunstone.Abstractions.csproj", "{C71DB8F4-A5EF-4742-A66A-4628AED67772}"
EndProject
Project("{FAE04EC0-301F-11D3-BF4B-00C04F79EFBC}") = "Digillect.Sunstone", "src\Digillect.Sunstone\Digillect.Sunstone.csproj", "{BB8F0D81-AD00-4231-B1B8-B1E9DB3D45D3}"
EndProject
Project("{FAE04EC0-301F-11D3-BF4B-00C04F79EFBC}") = "Digillect.Sunstone.Resources.SourceGenerator", "src\Digillect.Sunstone.Resources.SourceGenerator\Digillect.Sunstone.Resources.SourceGenerator.csproj", "{98ADD99E-A940-4DFD-8985-1E518CBEC5C5}"
EndProject
Project("{FAE04EC0-301F-11D3-BF4B-00C04F79EFBC}") = "Digillect.Sunstone.Resources.Kubernetes", "src\Digillect.Sunstone.Resources.Kubernetes\Digillect.Sunstone.Resources.Kubernetes.csproj", "{FB1CDC9C-9B5B-46AD-B569-79D449131641}"
EndProject
Global
	GlobalSection(SolutionConfigurationPlatforms) = preSolution
		Debug|Any CPU = Debug|Any CPU
		Release|Any CPU = Release|Any CPU
	EndGlobalSection
	GlobalSection(ProjectConfigurationPlatforms) = postSolution
		{C71DB8F4-A5EF-4742-A66A-4628AED67772}.Debug|Any CPU.ActiveCfg = Debug|Any CPU
		{C71DB8F4-A5EF-4742-A66A-4628AED67772}.Debug|Any CPU.Build.0 = Debug|Any CPU
		{C71DB8F4-A5EF-4742-A66A-4628AED67772}.Release|Any CPU.ActiveCfg = Release|Any CPU
		{C71DB8F4-A5EF-4742-A66A-4628AED67772}.Release|Any CPU.Build.0 = Release|Any CPU
		{BB8F0D81-AD00-4231-B1B8-B1E9DB3D45D3}.Debug|Any CPU.ActiveCfg = Debug|Any CPU
		{BB8F0D81-AD00-4231-B1B8-B1E9DB3D45D3}.Debug|Any CPU.Build.0 = Debug|Any CPU
		{BB8F0D81-AD00-4231-B1B8-B1E9DB3D45D3}.Release|Any CPU.ActiveCfg = Release|Any CPU
		{BB8F0D81-AD00-4231-B1B8-B1E9DB3D45D3}.Release|Any CPU.Build.0 = Release|Any CPU
		{98ADD99E-A940-4DFD-8985-1E518CBEC5C5}.Debug|Any CPU.ActiveCfg = Debug|Any CPU
		{98ADD99E-A940-4DFD-8985-1E518CBEC5C5}.Debug|Any CPU.Build.0 = Debug|Any CPU
		{98ADD99E-A940-4DFD-8985-1E518CBEC5C5}.Release|Any CPU.ActiveCfg = Release|Any CPU
		{98ADD99E-A940-4DFD-8985-1E518CBEC5C5}.Release|Any CPU.Build.0 = Release|Any CPU
		{FB1CDC9C-9B5B-46AD-B569-79D449131641}.Debug|Any CPU.ActiveCfg = Debug|Any CPU
		{FB1CDC9C-9B5B-46AD-B569-79D449131641}.Debug|Any CPU.Build.0 = Debug|Any CPU
		{FB1CDC9C-9B5B-46AD-B569-79D449131641}.Release|Any CPU.ActiveCfg = Release|Any CPU
		{FB1CDC9C-9B5B-46AD-B569-79D449131641}.Release|Any CPU.Build.0 = Release|Any CPU
	EndGlobalSection
EndGlobal
